
Microsoft Visual Studio Solution File, Format Version 12.00
# Visual Studio Version 17
VisualStudioVersion = 17.14.36518.9 d17.14
MinimumVisualStudioVersion = 10.0.40219.1
Project("{FAE04EC0-301F-11D3-BF4B-00C04F79EFBC}") = "BoardGameShop_Lab1", "BoardGameShop_Lab1\BoardGameShop_Lab1.csproj", "{6DBBAB80-8FFD-40A2-B816-47FA58EAD47C}"
EndProject
Global
	GlobalSection(SolutionConfigurationPlatforms) = preSolution
		Debug|Any CPU = Debug|Any CPU
		Release|Any CPU = Release|Any CPU
	EndGlobalSection
	GlobalSection(ProjectConfigurationPlatforms) = postSolution
		{6DBBAB80-8FFD-40A2-B816-47FA58EAD47C}.Debug|Any CPU.ActiveCfg = Debug|Any CPU
		{6DBBAB80-8FFD-40A2-B816-47FA58EAD47C}.Debug|Any CPU.Build.0 = Debug|Any CPU
		{6DBBAB80-8FFD-40A2-B816-47FA58EAD47C}.Release|Any CPU.ActiveCfg = Release|Any CPU
		{6DBBAB80-8FFD-40A2-B816-47FA58EAD47C}.Release|Any CPU.Build.0 = Release|Any CPU
	EndGlobalSection
	GlobalSection(SolutionProperties) = preSolution
		HideSolutionNode = FALSE
	EndGlobalSection
	GlobalSection(ExtensibilityGlobals) = postSolution
		SolutionGuid = {37292606-45EE-4D42-9D64-1171A53B13C3}
	EndGlobalSection
EndGlobal
